// !$*UTF8*$!
{
	archiveVersion = 1;
	classes = {
	};
	objectVersion = 56;
	objects = {

/* Begin PBXBuildFile section */
		2207C7352B0FF3C3000C63EC /* ViewCoordinator.swift in Sources */ = {isa = PBXBuildFile; fileRef = 2207C7342B0FF3C3000C63EC /* ViewCoordinator.swift */; };
		2207C7402B103059000C63EC /* OnboardingView.swift in Sources */ = {isa = PBXBuildFile; fileRef = 2207C73F2B103059000C63EC /* OnboardingView.swift */; };
		2207C7422B1031DE000C63EC /* OnboardingDetailView.swift in Sources */ = {isa = PBXBuildFile; fileRef = 2207C7412B1031DE000C63EC /* OnboardingDetailView.swift */; };
		2207C7442B1035DB000C63EC /* OnboardingModel.swift in Sources */ = {isa = PBXBuildFile; fileRef = 2207C7432B1035DB000C63EC /* OnboardingModel.swift */; };
		2207C7462B1036A2000C63EC /* OnboardingViewModel.swift in Sources */ = {isa = PBXBuildFile; fileRef = 2207C7452B1036A2000C63EC /* OnboardingViewModel.swift */; };
		2238D1C82B03194B0053994A /* FileManager.swift in Sources */ = {isa = PBXBuildFile; fileRef = 2238D1C72B03194B0053994A /* FileManager.swift */; };
		2238D1CA2B032AC20053994A /* NoResultsView.swift in Sources */ = {isa = PBXBuildFile; fileRef = 2238D1C92B032AC20053994A /* NoResultsView.swift */; };
		223EEC4F2B06B8D4003E24E4 /* DefaultSearchView.swift in Sources */ = {isa = PBXBuildFile; fileRef = 223EEC4E2B06B8D4003E24E4 /* DefaultSearchView.swift */; };
		224E51A42B0FD22300203EA9 /* SplashScreenView.swift in Sources */ = {isa = PBXBuildFile; fileRef = 224E51A32B0FD22300203EA9 /* SplashScreenView.swift */; };
		224E51A72B0FD9C500203EA9 /* MeowScript-Regular.ttf in Resources */ = {isa = PBXBuildFile; fileRef = 224E51A62B0FD9C500203EA9 /* MeowScript-Regular.ttf */; };
		2254A9452B0C88FA006A32B6 /* LoadingProgressView.swift in Sources */ = {isa = PBXBuildFile; fileRef = 2254A9442B0C88FA006A32B6 /* LoadingProgressView.swift */; };
		22667E802B0313B9002CFD41 /* RecipeSearchView.swift in Sources */ = {isa = PBXBuildFile; fileRef = 22667E7F2B0313B9002CFD41 /* RecipeSearchView.swift */; };
		227BEABD2B01D33800329887 /* recipestub.json in Resources */ = {isa = PBXBuildFile; fileRef = 227BEABC2B01D33800329887 /* recipestub.json */; };
		227BEABF2B01F68300329887 /* RecipeHomeView.swift in Sources */ = {isa = PBXBuildFile; fileRef = 227BEABE2B01F68300329887 /* RecipeHomeView.swift */; };
		227BEAC12B01F87D00329887 /* RecipeDetailView.swift in Sources */ = {isa = PBXBuildFile; fileRef = 227BEAC02B01F87D00329887 /* RecipeDetailView.swift */; };
		22917F3B2B0E844D0021A6E7 /* SearchRecipeViewModelTests.swift in Sources */ = {isa = PBXBuildFile; fileRef = 22917F3A2B0E844D0021A6E7 /* SearchRecipeViewModelTests.swift */; };
		22917F3D2B0E8B530021A6E7 /* ReviewRecipeViewModelTests.swift in Sources */ = {isa = PBXBuildFile; fileRef = 22917F3C2B0E8B530021A6E7 /* ReviewRecipeViewModelTests.swift */; };
		22917F3F2B0EA35B0021A6E7 /* FavoriteRecipeViewModelTests.swift in Sources */ = {isa = PBXBuildFile; fileRef = 22917F3E2B0EA35B0021A6E7 /* FavoriteRecipeViewModelTests.swift */; };
		229C53C62B141CCA00422351 /* RecipeServiceProtocol.swift in Sources */ = {isa = PBXBuildFile; fileRef = 229C53C52B141CCA00422351 /* RecipeServiceProtocol.swift */; };
		229C53C82B146A2200422351 /* RecipeMockService.swift in Sources */ = {isa = PBXBuildFile; fileRef = 229C53C72B146A2200422351 /* RecipeMockService.swift */; };
		229CF1482B1645D500076B16 /* mockrecipes.json in Resources */ = {isa = PBXBuildFile; fileRef = 229CF1472B1645D500076B16 /* mockrecipes.json */; };
		229CF14A2B16523700076B16 /* emptyrecipe.json in Resources */ = {isa = PBXBuildFile; fileRef = 229CF1492B16523700076B16 /* emptyrecipe.json */; };
		229CF14C2B16698900076B16 /* titlenullrecipes.json in Resources */ = {isa = PBXBuildFile; fileRef = 229CF14B2B16698900076B16 /* titlenullrecipes.json */; };
		229CF1502B16A35400076B16 /* searchresultrecipes.json in Resources */ = {isa = PBXBuildFile; fileRef = 229CF14F2B16A35400076B16 /* searchresultrecipes.json */; };
		22A1C1C42B11BCC600CFEEA7 /* RecipeCardView.swift in Sources */ = {isa = PBXBuildFile; fileRef = 22A1C1C32B11BCC600CFEEA7 /* RecipeCardView.swift */; };
		22A1D89D2B0457BC007FD90C /* SearchRecipeViewModel.swift in Sources */ = {isa = PBXBuildFile; fileRef = 22A1D89C2B0457BC007FD90C /* SearchRecipeViewModel.swift */; };
		22A2CB862B0B3E2B001745B5 /* FavoriteDetailView.swift in Sources */ = {isa = PBXBuildFile; fileRef = 22A2CB852B0B3E2B001745B5 /* FavoriteDetailView.swift */; };
		22A56BBC2B0694A6006FE082 /* ReviewRecipeViewModel.swift in Sources */ = {isa = PBXBuildFile; fileRef = 22A56BBB2B0694A6006FE082 /* ReviewRecipeViewModel.swift */; };
		22A56BBE2B0694D9006FE082 /* ReviewRecipeModel.swift in Sources */ = {isa = PBXBuildFile; fileRef = 22A56BBD2B0694D9006FE082 /* ReviewRecipeModel.swift */; };
		22A56BC02B0695CA006FE082 /* NewReviewFormView.swift in Sources */ = {isa = PBXBuildFile; fileRef = 22A56BBF2B0695CA006FE082 /* NewReviewFormView.swift */; };
		22A56BC22B06961F006FE082 /* ReviewButtonView.swift in Sources */ = {isa = PBXBuildFile; fileRef = 22A56BC12B06961F006FE082 /* ReviewButtonView.swift */; };
		22A5D16E2B0942ED002129CA /* NoRecipesView.swift in Sources */ = {isa = PBXBuildFile; fileRef = 22A5D16D2B0942ED002129CA /* NoRecipesView.swift */; };
		22A5D1762B09BDB8002129CA /* FavoriteRecipeModel.swift in Sources */ = {isa = PBXBuildFile; fileRef = 22A5D1752B09BDB8002129CA /* FavoriteRecipeModel.swift */; };
		22A5D1782B09D085002129CA /* FavoriteRecipeViewModel.swift in Sources */ = {isa = PBXBuildFile; fileRef = 22A5D1772B09D085002129CA /* FavoriteRecipeViewModel.swift */; };
		22A5D17A2B09E825002129CA /* RecipeFavoritesView.swift in Sources */ = {isa = PBXBuildFile; fileRef = 22A5D1792B09E825002129CA /* RecipeFavoritesView.swift */; };
		22A5D17C2B09EB80002129CA /* DefaultFavoritesView.swift in Sources */ = {isa = PBXBuildFile; fileRef = 22A5D17B2B09EB80002129CA /* DefaultFavoritesView.swift */; };
		22B637342B05F2DF0041CF4F /* Utility.swift in Sources */ = {isa = PBXBuildFile; fileRef = 22B637332B05F2DF0041CF4F /* Utility.swift */; };
		22B73C962B14F05900A15C77 /* RecipeEmptyMockService.swift in Sources */ = {isa = PBXBuildFile; fileRef = 22B73C952B14F05900A15C77 /* RecipeEmptyMockService.swift */; };
		22BFB63B2B0192C4009FF65B /* WhatsForDinnerApp.swift in Sources */ = {isa = PBXBuildFile; fileRef = 22BFB63A2B0192C4009FF65B /* WhatsForDinnerApp.swift */; };
		22BFB63D2B0192C4009FF65B /* ContentView.swift in Sources */ = {isa = PBXBuildFile; fileRef = 22BFB63C2B0192C4009FF65B /* ContentView.swift */; };
		22BFB63F2B0192C4009FF65B /* Assets.xcassets in Resources */ = {isa = PBXBuildFile; fileRef = 22BFB63E2B0192C4009FF65B /* Assets.xcassets */; };
		22BFB6422B0192C4009FF65B /* Preview Assets.xcassets in Resources */ = {isa = PBXBuildFile; fileRef = 22BFB6412B0192C4009FF65B /* Preview Assets.xcassets */; };
		22BFB64C2B0192C5009FF65B /* RandomRecipesViewModelTests.swift in Sources */ = {isa = PBXBuildFile; fileRef = 22BFB64B2B0192C5009FF65B /* RandomRecipesViewModelTests.swift */; };
		22BFB6562B0192C5009FF65B /* RecipeHomeViewUITests.swift in Sources */ = {isa = PBXBuildFile; fileRef = 22BFB6552B0192C5009FF65B /* RecipeHomeViewUITests.swift */; };
		22BFB6582B0192C5009FF65B /* WhatsForDinnerUITestsLaunchTests.swift in Sources */ = {isa = PBXBuildFile; fileRef = 22BFB6572B0192C5009FF65B /* WhatsForDinnerUITestsLaunchTests.swift */; };
		22BFB66D2B01942A009FF65B /* RecipeService.swift in Sources */ = {isa = PBXBuildFile; fileRef = 22BFB66C2B01942A009FF65B /* RecipeService.swift */; };
		22BFB66F2B019436009FF65B /* RandomRecipeViewModel.swift in Sources */ = {isa = PBXBuildFile; fileRef = 22BFB66E2B019436009FF65B /* RandomRecipeViewModel.swift */; };
		22BFB6712B019440009FF65B /* RecipeModel.swift in Sources */ = {isa = PBXBuildFile; fileRef = 22BFB6702B019440009FF65B /* RecipeModel.swift */; };
		22BFB6752B01968B009FF65B /* Spoonacular-Info.plist in Resources */ = {isa = PBXBuildFile; fileRef = 22BFB6732B01968B009FF65B /* Spoonacular-Info.plist */; };
/* End PBXBuildFile section */

/* Begin PBXContainerItemProxy section */
		22BFB6482B0192C5009FF65B /* PBXContainerItemProxy */ = {
			isa = PBXContainerItemProxy;
			containerPortal = 22BFB62F2B0192C4009FF65B /* Project object */;
			proxyType = 1;
			remoteGlobalIDString = 22BFB6362B0192C4009FF65B;
			remoteInfo = WhatsForDinner;
		};
		22BFB6522B0192C5009FF65B /* PBXContainerItemProxy */ = {
			isa = PBXContainerItemProxy;
			containerPortal = 22BFB62F2B0192C4009FF65B /* Project object */;
			proxyType = 1;
			remoteGlobalIDString = 22BFB6362B0192C4009FF65B;
			remoteInfo = WhatsForDinner;
		};
/* End PBXContainerItemProxy section */

/* Begin PBXFileReference section */
		2207C7342B0FF3C3000C63EC /* ViewCoordinator.swift */ = {isa = PBXFileReference; fileEncoding = 4; lastKnownFileType = sourcecode.swift; name = ViewCoordinator.swift; path = WhatsForDinner/App/ViewCoordinator.swift; sourceTree = SOURCE_ROOT; };
		2207C73F2B103059000C63EC /* OnboardingView.swift */ = {isa = PBXFileReference; lastKnownFileType = sourcecode.swift; path = OnboardingView.swift; sourceTree = "<group>"; };
		2207C7412B1031DE000C63EC /* OnboardingDetailView.swift */ = {isa = PBXFileReference; lastKnownFileType = sourcecode.swift; path = OnboardingDetailView.swift; sourceTree = "<group>"; };
		2207C7432B1035DB000C63EC /* OnboardingModel.swift */ = {isa = PBXFileReference; lastKnownFileType = sourcecode.swift; path = OnboardingModel.swift; sourceTree = "<group>"; };
		2207C7452B1036A2000C63EC /* OnboardingViewModel.swift */ = {isa = PBXFileReference; lastKnownFileType = sourcecode.swift; path = OnboardingViewModel.swift; sourceTree = "<group>"; };
		2238D1C72B03194B0053994A /* FileManager.swift */ = {isa = PBXFileReference; fileEncoding = 4; lastKnownFileType = sourcecode.swift; path = FileManager.swift; sourceTree = "<group>"; };
		2238D1C92B032AC20053994A /* NoResultsView.swift */ = {isa = PBXFileReference; fileEncoding = 4; lastKnownFileType = sourcecode.swift; path = NoResultsView.swift; sourceTree = "<group>"; };
		223EEC4E2B06B8D4003E24E4 /* DefaultSearchView.swift */ = {isa = PBXFileReference; fileEncoding = 4; lastKnownFileType = sourcecode.swift; path = DefaultSearchView.swift; sourceTree = "<group>"; };
		224E51A32B0FD22300203EA9 /* SplashScreenView.swift */ = {isa = PBXFileReference; lastKnownFileType = sourcecode.swift; path = SplashScreenView.swift; sourceTree = "<group>"; };
		224E51A62B0FD9C500203EA9 /* MeowScript-Regular.ttf */ = {isa = PBXFileReference; lastKnownFileType = file; path = "MeowScript-Regular.ttf"; sourceTree = "<group>"; };
		224E51A82B0FDA0300203EA9 /* Info.plist */ = {isa = PBXFileReference; lastKnownFileType = text.plist; path = Info.plist; sourceTree = "<group>"; };
		2254A9442B0C88FA006A32B6 /* LoadingProgressView.swift */ = {isa = PBXFileReference; lastKnownFileType = sourcecode.swift; path = LoadingProgressView.swift; sourceTree = "<group>"; };
		22667E7F2B0313B9002CFD41 /* RecipeSearchView.swift */ = {isa = PBXFileReference; lastKnownFileType = sourcecode.swift; path = RecipeSearchView.swift; sourceTree = "<group>"; };
		227BEABC2B01D33800329887 /* recipestub.json */ = {isa = PBXFileReference; fileEncoding = 4; lastKnownFileType = text.json; name = recipestub.json; path = "../../Capstone-Sandbox/LastMinuteMeals/recipestub.json"; sourceTree = "<group>"; };
		227BEABE2B01F68300329887 /* RecipeHomeView.swift */ = {isa = PBXFileReference; lastKnownFileType = sourcecode.swift; path = RecipeHomeView.swift; sourceTree = "<group>"; };
		227BEAC02B01F87D00329887 /* RecipeDetailView.swift */ = {isa = PBXFileReference; lastKnownFileType = sourcecode.swift; path = RecipeDetailView.swift; sourceTree = "<group>"; };
		22917F392B0E7ABC0021A6E7 /* WhatsForDinner.xctestplan */ = {isa = PBXFileReference; lastKnownFileType = text; path = WhatsForDinner.xctestplan; sourceTree = "<group>"; };
		22917F3A2B0E844D0021A6E7 /* SearchRecipeViewModelTests.swift */ = {isa = PBXFileReference; lastKnownFileType = sourcecode.swift; path = SearchRecipeViewModelTests.swift; sourceTree = "<group>"; };
		22917F3C2B0E8B530021A6E7 /* ReviewRecipeViewModelTests.swift */ = {isa = PBXFileReference; lastKnownFileType = sourcecode.swift; path = ReviewRecipeViewModelTests.swift; sourceTree = "<group>"; };
		22917F3E2B0EA35B0021A6E7 /* FavoriteRecipeViewModelTests.swift */ = {isa = PBXFileReference; lastKnownFileType = sourcecode.swift; path = FavoriteRecipeViewModelTests.swift; sourceTree = "<group>"; };
		229C53C52B141CCA00422351 /* RecipeServiceProtocol.swift */ = {isa = PBXFileReference; lastKnownFileType = sourcecode.swift; path = RecipeServiceProtocol.swift; sourceTree = "<group>"; };
		229C53C72B146A2200422351 /* RecipeMockService.swift */ = {isa = PBXFileReference; lastKnownFileType = sourcecode.swift; path = RecipeMockService.swift; sourceTree = "<group>"; };
		229CF1472B1645D500076B16 /* mockrecipes.json */ = {isa = PBXFileReference; lastKnownFileType = text.json; path = mockrecipes.json; sourceTree = "<group>"; };
		229CF1492B16523700076B16 /* emptyrecipe.json */ = {isa = PBXFileReference; fileEncoding = 4; lastKnownFileType = text.json; path = emptyrecipe.json; sourceTree = "<group>"; };
		229CF14B2B16698900076B16 /* titlenullrecipes.json */ = {isa = PBXFileReference; fileEncoding = 4; lastKnownFileType = text.json; path = titlenullrecipes.json; sourceTree = "<group>"; };
		229CF14F2B16A35400076B16 /* searchresultrecipes.json */ = {isa = PBXFileReference; fileEncoding = 4; lastKnownFileType = text.json; path = searchresultrecipes.json; sourceTree = "<group>"; };
		22A1C1C32B11BCC600CFEEA7 /* RecipeCardView.swift */ = {isa = PBXFileReference; fileEncoding = 4; lastKnownFileType = sourcecode.swift; path = RecipeCardView.swift; sourceTree = "<group>"; };
		22A1D89C2B0457BC007FD90C /* SearchRecipeViewModel.swift */ = {isa = PBXFileReference; lastKnownFileType = sourcecode.swift; path = SearchRecipeViewModel.swift; sourceTree = "<group>"; };
		22A2CB852B0B3E2B001745B5 /* FavoriteDetailView.swift */ = {isa = PBXFileReference; fileEncoding = 4; lastKnownFileType = sourcecode.swift; path = FavoriteDetailView.swift; sourceTree = "<group>"; };
		22A56BBB2B0694A6006FE082 /* ReviewRecipeViewModel.swift */ = {isa = PBXFileReference; fileEncoding = 4; lastKnownFileType = sourcecode.swift; path = ReviewRecipeViewModel.swift; sourceTree = "<group>"; };
		22A56BBD2B0694D9006FE082 /* ReviewRecipeModel.swift */ = {isa = PBXFileReference; fileEncoding = 4; lastKnownFileType = sourcecode.swift; path = ReviewRecipeModel.swift; sourceTree = "<group>"; };
		22A56BBF2B0695CA006FE082 /* NewReviewFormView.swift */ = {isa = PBXFileReference; fileEncoding = 4; lastKnownFileType = sourcecode.swift; path = NewReviewFormView.swift; sourceTree = "<group>"; };
		22A56BC12B06961F006FE082 /* ReviewButtonView.swift */ = {isa = PBXFileReference; fileEncoding = 4; lastKnownFileType = sourcecode.swift; path = ReviewButtonView.swift; sourceTree = "<group>"; };
		22A5D16D2B0942ED002129CA /* NoRecipesView.swift */ = {isa = PBXFileReference; lastKnownFileType = sourcecode.swift; path = NoRecipesView.swift; sourceTree = "<group>"; };
		22A5D1752B09BDB8002129CA /* FavoriteRecipeModel.swift */ = {isa = PBXFileReference; lastKnownFileType = sourcecode.swift; path = FavoriteRecipeModel.swift; sourceTree = "<group>"; };
		22A5D1772B09D085002129CA /* FavoriteRecipeViewModel.swift */ = {isa = PBXFileReference; lastKnownFileType = sourcecode.swift; path = FavoriteRecipeViewModel.swift; sourceTree = "<group>"; };
		22A5D1792B09E825002129CA /* RecipeFavoritesView.swift */ = {isa = PBXFileReference; lastKnownFileType = sourcecode.swift; path = RecipeFavoritesView.swift; sourceTree = "<group>"; };
		22A5D17B2B09EB80002129CA /* DefaultFavoritesView.swift */ = {isa = PBXFileReference; lastKnownFileType = sourcecode.swift; path = DefaultFavoritesView.swift; sourceTree = "<group>"; };
		22B637332B05F2DF0041CF4F /* Utility.swift */ = {isa = PBXFileReference; lastKnownFileType = sourcecode.swift; path = Utility.swift; sourceTree = "<group>"; };
		22B73C952B14F05900A15C77 /* RecipeEmptyMockService.swift */ = {isa = PBXFileReference; lastKnownFileType = sourcecode.swift; path = RecipeEmptyMockService.swift; sourceTree = "<group>"; };
		22BFB6372B0192C4009FF65B /* WhatsForDinner.app */ = {isa = PBXFileReference; explicitFileType = wrapper.application; includeInIndex = 0; path = WhatsForDinner.app; sourceTree = BUILT_PRODUCTS_DIR; };
		22BFB63A2B0192C4009FF65B /* WhatsForDinnerApp.swift */ = {isa = PBXFileReference; lastKnownFileType = sourcecode.swift; path = WhatsForDinnerApp.swift; sourceTree = "<group>"; };
		22BFB63C2B0192C4009FF65B /* ContentView.swift */ = {isa = PBXFileReference; lastKnownFileType = sourcecode.swift; path = ContentView.swift; sourceTree = "<group>"; };
		22BFB63E2B0192C4009FF65B /* Assets.xcassets */ = {isa = PBXFileReference; lastKnownFileType = folder.assetcatalog; path = Assets.xcassets; sourceTree = "<group>"; };
		22BFB6412B0192C4009FF65B /* Preview Assets.xcassets */ = {isa = PBXFileReference; lastKnownFileType = folder.assetcatalog; path = "Preview Assets.xcassets"; sourceTree = "<group>"; };
		22BFB6472B0192C5009FF65B /* WhatsForDinnerTests.xctest */ = {isa = PBXFileReference; explicitFileType = wrapper.cfbundle; includeInIndex = 0; path = WhatsForDinnerTests.xctest; sourceTree = BUILT_PRODUCTS_DIR; };
		22BFB64B2B0192C5009FF65B /* RandomRecipesViewModelTests.swift */ = {isa = PBXFileReference; lastKnownFileType = sourcecode.swift; path = RandomRecipesViewModelTests.swift; sourceTree = "<group>"; };
		22BFB6512B0192C5009FF65B /* WhatsForDinnerUITests.xctest */ = {isa = PBXFileReference; explicitFileType = wrapper.cfbundle; includeInIndex = 0; path = WhatsForDinnerUITests.xctest; sourceTree = BUILT_PRODUCTS_DIR; };
		22BFB6552B0192C5009FF65B /* RecipeHomeViewUITests.swift */ = {isa = PBXFileReference; lastKnownFileType = sourcecode.swift; path = RecipeHomeViewUITests.swift; sourceTree = "<group>"; };
		22BFB6572B0192C5009FF65B /* WhatsForDinnerUITestsLaunchTests.swift */ = {isa = PBXFileReference; lastKnownFileType = sourcecode.swift; path = WhatsForDinnerUITestsLaunchTests.swift; sourceTree = "<group>"; };
		22BFB66C2B01942A009FF65B /* RecipeService.swift */ = {isa = PBXFileReference; fileEncoding = 4; lastKnownFileType = sourcecode.swift; path = RecipeService.swift; sourceTree = "<group>"; };
		22BFB66E2B019436009FF65B /* RandomRecipeViewModel.swift */ = {isa = PBXFileReference; fileEncoding = 4; lastKnownFileType = sourcecode.swift; path = RandomRecipeViewModel.swift; sourceTree = "<group>"; };
		22BFB6702B019440009FF65B /* RecipeModel.swift */ = {isa = PBXFileReference; fileEncoding = 4; lastKnownFileType = sourcecode.swift; path = RecipeModel.swift; sourceTree = "<group>"; };
		22BFB6732B01968B009FF65B /* Spoonacular-Info.plist */ = {isa = PBXFileReference; fileEncoding = 4; lastKnownFileType = text.plist.xml; path = "Spoonacular-Info.plist"; sourceTree = "<group>"; };
/* End PBXFileReference section */

/* Begin PBXFrameworksBuildPhase section */
		22BFB6342B0192C4009FF65B /* Frameworks */ = {
			isa = PBXFrameworksBuildPhase;
			buildActionMask = 2147483647;
			files = (
			);
			runOnlyForDeploymentPostprocessing = 0;
		};
		22BFB6442B0192C5009FF65B /* Frameworks */ = {
			isa = PBXFrameworksBuildPhase;
			buildActionMask = 2147483647;
			files = (
			);
			runOnlyForDeploymentPostprocessing = 0;
		};
		22BFB64E2B0192C5009FF65B /* Frameworks */ = {
			isa = PBXFrameworksBuildPhase;
			buildActionMask = 2147483647;
			files = (
			);
			runOnlyForDeploymentPostprocessing = 0;
		};
/* End PBXFrameworksBuildPhase section */

/* Begin PBXGroup section */
		2207C73E2B10304A000C63EC /* OnboardingViews */ = {
			isa = PBXGroup;
			children = (
				2207C73F2B103059000C63EC /* OnboardingView.swift */,
				2207C7412B1031DE000C63EC /* OnboardingDetailView.swift */,
			);
			path = OnboardingViews;
			sourceTree = "<group>";
		};
		2238D1C62B03193E0053994A /* Extensions */ = {
			isa = PBXGroup;
			children = (
				2238D1C72B03194B0053994A /* FileManager.swift */,
				22B637332B05F2DF0041CF4F /* Utility.swift */,
			);
			path = Extensions;
			sourceTree = "<group>";
		};
		224E519A2B0FCDF400203EA9 /* TabViews */ = {
			isa = PBXGroup;
			children = (
				227BEABE2B01F68300329887 /* RecipeHomeView.swift */,
				22A5D1792B09E825002129CA /* RecipeFavoritesView.swift */,
				22667E7F2B0313B9002CFD41 /* RecipeSearchView.swift */,
			);
			path = TabViews;
			sourceTree = "<group>";
		};
		224E519B2B0FCE0200203EA9 /* DetailViews */ = {
			isa = PBXGroup;
			children = (
				22A2CB852B0B3E2B001745B5 /* FavoriteDetailView.swift */,
				227BEAC02B01F87D00329887 /* RecipeDetailView.swift */,
			);
			path = DetailViews;
			sourceTree = "<group>";
		};
		224E519C2B0FCE1100203EA9 /* ReviewViews */ = {
			isa = PBXGroup;
			children = (
				22A56BC12B06961F006FE082 /* ReviewButtonView.swift */,
				22A56BBF2B0695CA006FE082 /* NewReviewFormView.swift */,
			);
			path = ReviewViews;
			sourceTree = "<group>";
		};
		224E519D2B0FCE2500203EA9 /* DefaultViews */ = {
			isa = PBXGroup;
			children = (
				223EEC4E2B06B8D4003E24E4 /* DefaultSearchView.swift */,
				22A5D17B2B09EB80002129CA /* DefaultFavoritesView.swift */,
			);
			path = DefaultViews;
			sourceTree = "<group>";
		};
		224E519E2B0FCE2C00203EA9 /* NegativeViews */ = {
			isa = PBXGroup;
			children = (
				2238D1C92B032AC20053994A /* NoResultsView.swift */,
				22A5D16D2B0942ED002129CA /* NoRecipesView.swift */,
			);
			path = NegativeViews;
			sourceTree = "<group>";
		};
		224E519F2B0FCE3B00203EA9 /* ReuseableViews */ = {
			isa = PBXGroup;
			children = (
				22A1C1C32B11BCC600CFEEA7 /* RecipeCardView.swift */,
				2254A9442B0C88FA006A32B6 /* LoadingProgressView.swift */,
			);
			path = ReuseableViews;
			sourceTree = "<group>";
		};
		224E51A02B0FCE4800203EA9 /* MainView */ = {
			isa = PBXGroup;
			children = (
				22BFB63C2B0192C4009FF65B /* ContentView.swift */,
			);
			path = MainView;
			sourceTree = "<group>";
		};
		224E51A12B0FCF4B00203EA9 /* SplashScreenViews */ = {
			isa = PBXGroup;
			children = (
				224E51A32B0FD22300203EA9 /* SplashScreenView.swift */,
			);
			path = SplashScreenViews;
			sourceTree = "<group>";
		};
		224E51A52B0FD9AA00203EA9 /* Fonts */ = {
			isa = PBXGroup;
			children = (
				224E51A62B0FD9C500203EA9 /* MeowScript-Regular.ttf */,
			);
			path = Fonts;
			sourceTree = "<group>";
		};
		22B73C942B14F03500A15C77 /* MockData */ = {
			isa = PBXGroup;
			children = (
				229CF1472B1645D500076B16 /* mockrecipes.json */,
				229CF14B2B16698900076B16 /* titlenullrecipes.json */,
				229CF14F2B16A35400076B16 /* searchresultrecipes.json */,
				229CF1492B16523700076B16 /* emptyrecipe.json */,
				229C53C72B146A2200422351 /* RecipeMockService.swift */,
				22B73C952B14F05900A15C77 /* RecipeEmptyMockService.swift */,
			);
			path = MockData;
			sourceTree = "<group>";
		};
		22BFB62E2B0192C4009FF65B = {
			isa = PBXGroup;
			children = (
				22917F392B0E7ABC0021A6E7 /* WhatsForDinner.xctestplan */,
				227BEABC2B01D33800329887 /* recipestub.json */,
				22BFB6732B01968B009FF65B /* Spoonacular-Info.plist */,
				22BFB6392B0192C4009FF65B /* WhatsForDinner */,
				22BFB64A2B0192C5009FF65B /* WhatsForDinnerTests */,
				22BFB6542B0192C5009FF65B /* WhatsForDinnerUITests */,
				22BFB6382B0192C4009FF65B /* Products */,
			);
			sourceTree = "<group>";
		};
		22BFB6382B0192C4009FF65B /* Products */ = {
			isa = PBXGroup;
			children = (
				22BFB6372B0192C4009FF65B /* WhatsForDinner.app */,
				22BFB6472B0192C5009FF65B /* WhatsForDinnerTests.xctest */,
				22BFB6512B0192C5009FF65B /* WhatsForDinnerUITests.xctest */,
			);
			name = Products;
			sourceTree = "<group>";
		};
		22BFB6392B0192C4009FF65B /* WhatsForDinner */ = {
			isa = PBXGroup;
			children = (
				224E51A82B0FDA0300203EA9 /* Info.plist */,
				2238D1C62B03193E0053994A /* Extensions */,
				22BFB6642B019385009FF65B /* App */,
				22BFB6682B0193A4009FF65B /* Networking */,
				22BFB6662B019392009FF65B /* Models */,
				22BFB6652B01938B009FF65B /* Views */,
				22BFB6672B01939E009FF65B /* ViewModels */,
				22BFB6402B0192C4009FF65B /* Preview Content */,
			);
			path = WhatsForDinner;
			sourceTree = "<group>";
		};
		22BFB6402B0192C4009FF65B /* Preview Content */ = {
			isa = PBXGroup;
			children = (
				22BFB6412B0192C4009FF65B /* Preview Assets.xcassets */,
			);
			path = "Preview Content";
			sourceTree = "<group>";
		};
		22BFB64A2B0192C5009FF65B /* WhatsForDinnerTests */ = {
			isa = PBXGroup;
			children = (
				22BFB64B2B0192C5009FF65B /* RandomRecipesViewModelTests.swift */,
				22917F3A2B0E844D0021A6E7 /* SearchRecipeViewModelTests.swift */,
				22917F3C2B0E8B530021A6E7 /* ReviewRecipeViewModelTests.swift */,
				22917F3E2B0EA35B0021A6E7 /* FavoriteRecipeViewModelTests.swift */,
			);
			path = WhatsForDinnerTests;
			sourceTree = "<group>";
		};
		22BFB6542B0192C5009FF65B /* WhatsForDinnerUITests */ = {
			isa = PBXGroup;
			children = (
				22BFB6552B0192C5009FF65B /* RecipeHomeViewUITests.swift */,
				22BFB6572B0192C5009FF65B /* WhatsForDinnerUITestsLaunchTests.swift */,
			);
			path = WhatsForDinnerUITests;
			sourceTree = "<group>";
		};
		22BFB6642B019385009FF65B /* App */ = {
			isa = PBXGroup;
			children = (
				224E51A52B0FD9AA00203EA9 /* Fonts */,
				22BFB63A2B0192C4009FF65B /* WhatsForDinnerApp.swift */,
				2207C7342B0FF3C3000C63EC /* ViewCoordinator.swift */,
				22BFB63E2B0192C4009FF65B /* Assets.xcassets */,
			);
			path = App;
			sourceTree = "<group>";
		};
		22BFB6652B01938B009FF65B /* Views */ = {
			isa = PBXGroup;
			children = (
				2207C73E2B10304A000C63EC /* OnboardingViews */,
				224E51A12B0FCF4B00203EA9 /* SplashScreenViews */,
				224E51A02B0FCE4800203EA9 /* MainView */,
				224E519F2B0FCE3B00203EA9 /* ReuseableViews */,
				224E519E2B0FCE2C00203EA9 /* NegativeViews */,
				224E519D2B0FCE2500203EA9 /* DefaultViews */,
				224E519B2B0FCE0200203EA9 /* DetailViews */,
				224E519A2B0FCDF400203EA9 /* TabViews */,
				224E519C2B0FCE1100203EA9 /* ReviewViews */,
			);
			path = Views;
			sourceTree = "<group>";
		};
		22BFB6662B019392009FF65B /* Models */ = {
			isa = PBXGroup;
			children = (
				22BFB6702B019440009FF65B /* RecipeModel.swift */,
				22A56BBD2B0694D9006FE082 /* ReviewRecipeModel.swift */,
				22A5D1752B09BDB8002129CA /* FavoriteRecipeModel.swift */,
				2207C7432B1035DB000C63EC /* OnboardingModel.swift */,
			);
			path = Models;
			sourceTree = "<group>";
		};
		22BFB6672B01939E009FF65B /* ViewModels */ = {
			isa = PBXGroup;
			children = (
				22BFB66E2B019436009FF65B /* RandomRecipeViewModel.swift */,
				22A1D89C2B0457BC007FD90C /* SearchRecipeViewModel.swift */,
				22A56BBB2B0694A6006FE082 /* ReviewRecipeViewModel.swift */,
				22A5D1772B09D085002129CA /* FavoriteRecipeViewModel.swift */,
				2207C7452B1036A2000C63EC /* OnboardingViewModel.swift */,
			);
			path = ViewModels;
			sourceTree = "<group>";
		};
		22BFB6682B0193A4009FF65B /* Networking */ = {
			isa = PBXGroup;
			children = (
				22BFB66C2B01942A009FF65B /* RecipeService.swift */,
				229C53C52B141CCA00422351 /* RecipeServiceProtocol.swift */,
				22B73C942B14F03500A15C77 /* MockData */,
			);
			path = Networking;
			sourceTree = "<group>";
		};
/* End PBXGroup section */

/* Begin PBXNativeTarget section */
		22BFB6362B0192C4009FF65B /* WhatsForDinner */ = {
			isa = PBXNativeTarget;
			buildConfigurationList = 22BFB65B2B0192C5009FF65B /* Build configuration list for PBXNativeTarget "WhatsForDinner" */;
			buildPhases = (
				22BFB6762B0196B7009FF65B /* ShellScript */,
				22BFB6332B0192C4009FF65B /* Sources */,
				22BFB6342B0192C4009FF65B /* Frameworks */,
				22BFB6352B0192C4009FF65B /* Resources */,
			);
			buildRules = (
			);
			dependencies = (
			);
			name = WhatsForDinner;
			productName = WhatsForDinner;
			productReference = 22BFB6372B0192C4009FF65B /* WhatsForDinner.app */;
			productType = "com.apple.product-type.application";
		};
		22BFB6462B0192C5009FF65B /* WhatsForDinnerTests */ = {
			isa = PBXNativeTarget;
			buildConfigurationList = 22BFB65E2B0192C5009FF65B /* Build configuration list for PBXNativeTarget "WhatsForDinnerTests" */;
			buildPhases = (
				22BFB6432B0192C5009FF65B /* Sources */,
				22BFB6442B0192C5009FF65B /* Frameworks */,
				22BFB6452B0192C5009FF65B /* Resources */,
			);
			buildRules = (
			);
			dependencies = (
				22BFB6492B0192C5009FF65B /* PBXTargetDependency */,
			);
			name = WhatsForDinnerTests;
			productName = WhatsForDinnerTests;
			productReference = 22BFB6472B0192C5009FF65B /* WhatsForDinnerTests.xctest */;
			productType = "com.apple.product-type.bundle.unit-test";
		};
		22BFB6502B0192C5009FF65B /* WhatsForDinnerUITests */ = {
			isa = PBXNativeTarget;
			buildConfigurationList = 22BFB6612B0192C5009FF65B /* Build configuration list for PBXNativeTarget "WhatsForDinnerUITests" */;
			buildPhases = (
				22BFB64D2B0192C5009FF65B /* Sources */,
				22BFB64E2B0192C5009FF65B /* Frameworks */,
				22BFB64F2B0192C5009FF65B /* Resources */,
			);
			buildRules = (
			);
			dependencies = (
				22BFB6532B0192C5009FF65B /* PBXTargetDependency */,
			);
			name = WhatsForDinnerUITests;
			productName = WhatsForDinnerUITests;
			productReference = 22BFB6512B0192C5009FF65B /* WhatsForDinnerUITests.xctest */;
			productType = "com.apple.product-type.bundle.ui-testing";
		};
/* End PBXNativeTarget section */

/* Begin PBXProject section */
		22BFB62F2B0192C4009FF65B /* Project object */ = {
			isa = PBXProject;
			attributes = {
				BuildIndependentTargetsInParallel = 1;
				LastSwiftUpdateCheck = 1430;
				LastUpgradeCheck = 1430;
				TargetAttributes = {
					22BFB6362B0192C4009FF65B = {
						CreatedOnToolsVersion = 14.3.1;
					};
					22BFB6462B0192C5009FF65B = {
						CreatedOnToolsVersion = 14.3.1;
						TestTargetID = 22BFB6362B0192C4009FF65B;
					};
					22BFB6502B0192C5009FF65B = {
						CreatedOnToolsVersion = 14.3.1;
						TestTargetID = 22BFB6362B0192C4009FF65B;
					};
				};
			};
			buildConfigurationList = 22BFB6322B0192C4009FF65B /* Build configuration list for PBXProject "WhatsForDinner" */;
			compatibilityVersion = "Xcode 14.0";
			developmentRegion = en;
			hasScannedForEncodings = 0;
			knownRegions = (
				en,
				Base,
			);
			mainGroup = 22BFB62E2B0192C4009FF65B;
			productRefGroup = 22BFB6382B0192C4009FF65B /* Products */;
			projectDirPath = "";
			projectRoot = "";
			targets = (
				22BFB6362B0192C4009FF65B /* WhatsForDinner */,
				22BFB6462B0192C5009FF65B /* WhatsForDinnerTests */,
				22BFB6502B0192C5009FF65B /* WhatsForDinnerUITests */,
			);
		};
/* End PBXProject section */

/* Begin PBXResourcesBuildPhase section */
		22BFB6352B0192C4009FF65B /* Resources */ = {
			isa = PBXResourcesBuildPhase;
			buildActionMask = 2147483647;
			files = (
				224E51A72B0FD9C500203EA9 /* MeowScript-Regular.ttf in Resources */,
				227BEABD2B01D33800329887 /* recipestub.json in Resources */,
				229CF14A2B16523700076B16 /* emptyrecipe.json in Resources */,
				22BFB6752B01968B009FF65B /* Spoonacular-Info.plist in Resources */,
				229CF1482B1645D500076B16 /* mockrecipes.json in Resources */,
				229CF14C2B16698900076B16 /* titlenullrecipes.json in Resources */,
				22BFB6422B0192C4009FF65B /* Preview Assets.xcassets in Resources */,
				229CF1502B16A35400076B16 /* searchresultrecipes.json in Resources */,
				22BFB63F2B0192C4009FF65B /* Assets.xcassets in Resources */,
			);
			runOnlyForDeploymentPostprocessing = 0;
		};
		22BFB6452B0192C5009FF65B /* Resources */ = {
			isa = PBXResourcesBuildPhase;
			buildActionMask = 2147483647;
			files = (
			);
			runOnlyForDeploymentPostprocessing = 0;
		};
		22BFB64F2B0192C5009FF65B /* Resources */ = {
			isa = PBXResourcesBuildPhase;
			buildActionMask = 2147483647;
			files = (
			);
			runOnlyForDeploymentPostprocessing = 0;
		};
/* End PBXResourcesBuildPhase section */

/* Begin PBXShellScriptBuildPhase section */
		22BFB6762B0196B7009FF65B /* ShellScript */ = {
			isa = PBXShellScriptBuildPhase;
			alwaysOutOfDate = 1;
			buildActionMask = 2147483647;
			files = (
			);
			inputFileListPaths = (
			);
			inputPaths = (
			);
			outputFileListPaths = (
			);
			outputPaths = (
			);
			runOnlyForDeploymentPostprocessing = 0;
			shellPath = /bin/sh;
			shellScript = "# Type a script or drag a script file from your workspace to insert its path.\nPATH=/opt/homebrew/bin:$PATH\nif [ -f ~/com.raywenderlich.swiftlint.yml ]; then\n  if which swiftlint >/dev/null; then\n    swiftlint --no-cache --config ~/com.raywenderlich.swiftlint.yml\n  fi\nfi\n";
		};
/* End PBXShellScriptBuildPhase section */

/* Begin PBXSourcesBuildPhase section */
		22BFB6332B0192C4009FF65B /* Sources */ = {
			isa = PBXSourcesBuildPhase;
			buildActionMask = 2147483647;
			files = (
				229C53C62B141CCA00422351 /* RecipeServiceProtocol.swift in Sources */,
				2207C7402B103059000C63EC /* OnboardingView.swift in Sources */,
				22A5D1782B09D085002129CA /* FavoriteRecipeViewModel.swift in Sources */,
				22A56BC22B06961F006FE082 /* ReviewButtonView.swift in Sources */,
				2207C7462B1036A2000C63EC /* OnboardingViewModel.swift in Sources */,
				22A1D89D2B0457BC007FD90C /* SearchRecipeViewModel.swift in Sources */,
				2207C7422B1031DE000C63EC /* OnboardingDetailView.swift in Sources */,
				227BEABF2B01F68300329887 /* RecipeHomeView.swift in Sources */,
				22A2CB862B0B3E2B001745B5 /* FavoriteDetailView.swift in Sources */,
				22A56BC02B0695CA006FE082 /* NewReviewFormView.swift in Sources */,
				2254A9452B0C88FA006A32B6 /* LoadingProgressView.swift in Sources */,
				22BFB63D2B0192C4009FF65B /* ContentView.swift in Sources */,
				22A5D16E2B0942ED002129CA /* NoRecipesView.swift in Sources */,
				229C53C82B146A2200422351 /* RecipeMockService.swift in Sources */,
				22BFB6712B019440009FF65B /* RecipeModel.swift in Sources */,
				22A5D17C2B09EB80002129CA /* DefaultFavoritesView.swift in Sources */,
				22B637342B05F2DF0041CF4F /* Utility.swift in Sources */,
				223EEC4F2B06B8D4003E24E4 /* DefaultSearchView.swift in Sources */,
				22667E802B0313B9002CFD41 /* RecipeSearchView.swift in Sources */,
				22A56BBE2B0694D9006FE082 /* ReviewRecipeModel.swift in Sources */,
				2207C7442B1035DB000C63EC /* OnboardingModel.swift in Sources */,
				22BFB66F2B019436009FF65B /* RandomRecipeViewModel.swift in Sources */,
				22B73C962B14F05900A15C77 /* RecipeEmptyMockService.swift in Sources */,
				22A5D1762B09BDB8002129CA /* FavoriteRecipeModel.swift in Sources */,
				22A56BBC2B0694A6006FE082 /* ReviewRecipeViewModel.swift in Sources */,
				22A1C1C42B11BCC600CFEEA7 /* RecipeCardView.swift in Sources */,
				2238D1C82B03194B0053994A /* FileManager.swift in Sources */,
				224E51A42B0FD22300203EA9 /* SplashScreenView.swift in Sources */,
				22BFB66D2B01942A009FF65B /* RecipeService.swift in Sources */,
				22A5D17A2B09E825002129CA /* RecipeFavoritesView.swift in Sources */,
				2238D1CA2B032AC20053994A /* NoResultsView.swift in Sources */,
				22BFB63B2B0192C4009FF65B /* WhatsForDinnerApp.swift in Sources */,
				227BEAC12B01F87D00329887 /* RecipeDetailView.swift in Sources */,
				2207C7352B0FF3C3000C63EC /* ViewCoordinator.swift in Sources */,
			);
			runOnlyForDeploymentPostprocessing = 0;
		};
		22BFB6432B0192C5009FF65B /* Sources */ = {
			isa = PBXSourcesBuildPhase;
			buildActionMask = 2147483647;
			files = (
				22917F3F2B0EA35B0021A6E7 /* FavoriteRecipeViewModelTests.swift in Sources */,
				22917F3B2B0E844D0021A6E7 /* SearchRecipeViewModelTests.swift in Sources */,
				22917F3D2B0E8B530021A6E7 /* ReviewRecipeViewModelTests.swift in Sources */,
				22BFB64C2B0192C5009FF65B /* RandomRecipesViewModelTests.swift in Sources */,
			);
			runOnlyForDeploymentPostprocessing = 0;
		};
		22BFB64D2B0192C5009FF65B /* Sources */ = {
			isa = PBXSourcesBuildPhase;
			buildActionMask = 2147483647;
			files = (
				22BFB6582B0192C5009FF65B /* WhatsForDinnerUITestsLaunchTests.swift in Sources */,
				22BFB6562B0192C5009FF65B /* RecipeHomeViewUITests.swift in Sources */,
			);
			runOnlyForDeploymentPostprocessing = 0;
		};
/* End PBXSourcesBuildPhase section */

/* Begin PBXTargetDependency section */
		22BFB6492B0192C5009FF65B /* PBXTargetDependency */ = {
			isa = PBXTargetDependency;
			target = 22BFB6362B0192C4009FF65B /* WhatsForDinner */;
			targetProxy = 22BFB6482B0192C5009FF65B /* PBXContainerItemProxy */;
		};
		22BFB6532B0192C5009FF65B /* PBXTargetDependency */ = {
			isa = PBXTargetDependency;
			target = 22BFB6362B0192C4009FF65B /* WhatsForDinner */;
			targetProxy = 22BFB6522B0192C5009FF65B /* PBXContainerItemProxy */;
		};
/* End PBXTargetDependency section */

/* Begin XCBuildConfiguration section */
		22BFB6592B0192C5009FF65B /* Debug */ = {
			isa = XCBuildConfiguration;
			buildSettings = {
				ALWAYS_SEARCH_USER_PATHS = NO;
				CLANG_ANALYZER_NONNULL = YES;
				CLANG_ANALYZER_NUMBER_OBJECT_CONVERSION = YES_AGGRESSIVE;
				CLANG_CXX_LANGUAGE_STANDARD = "gnu++20";
				CLANG_ENABLE_MODULES = YES;
				CLANG_ENABLE_OBJC_ARC = YES;
				CLANG_ENABLE_OBJC_WEAK = YES;
				CLANG_WARN_BLOCK_CAPTURE_AUTORELEASING = YES;
				CLANG_WARN_BOOL_CONVERSION = YES;
				CLANG_WARN_COMMA = YES;
				CLANG_WARN_CONSTANT_CONVERSION = YES;
				CLANG_WARN_DEPRECATED_OBJC_IMPLEMENTATIONS = YES;
				CLANG_WARN_DIRECT_OBJC_ISA_USAGE = YES_ERROR;
				CLANG_WARN_DOCUMENTATION_COMMENTS = YES;
				CLANG_WARN_EMPTY_BODY = YES;
				CLANG_WARN_ENUM_CONVERSION = YES;
				CLANG_WARN_INFINITE_RECURSION = YES;
				CLANG_WARN_INT_CONVERSION = YES;
				CLANG_WARN_NON_LITERAL_NULL_CONVERSION = YES;
				CLANG_WARN_OBJC_IMPLICIT_RETAIN_SELF = YES;
				CLANG_WARN_OBJC_LITERAL_CONVERSION = YES;
				CLANG_WARN_OBJC_ROOT_CLASS = YES_ERROR;
				CLANG_WARN_QUOTED_INCLUDE_IN_FRAMEWORK_HEADER = YES;
				CLANG_WARN_RANGE_LOOP_ANALYSIS = YES;
				CLANG_WARN_STRICT_PROTOTYPES = YES;
				CLANG_WARN_SUSPICIOUS_MOVE = YES;
				CLANG_WARN_UNGUARDED_AVAILABILITY = YES_AGGRESSIVE;
				CLANG_WARN_UNREACHABLE_CODE = YES;
				CLANG_WARN__DUPLICATE_METHOD_MATCH = YES;
				COPY_PHASE_STRIP = NO;
				DEBUG_INFORMATION_FORMAT = dwarf;
				ENABLE_STRICT_OBJC_MSGSEND = YES;
				ENABLE_TESTABILITY = YES;
				GCC_C_LANGUAGE_STANDARD = gnu11;
				GCC_DYNAMIC_NO_PIC = NO;
				GCC_NO_COMMON_BLOCKS = YES;
				GCC_OPTIMIZATION_LEVEL = 0;
				GCC_PREPROCESSOR_DEFINITIONS = (
					"DEBUG=1",
					"$(inherited)",
				);
				GCC_WARN_64_TO_32_BIT_CONVERSION = YES;
				GCC_WARN_ABOUT_RETURN_TYPE = YES_ERROR;
				GCC_WARN_UNDECLARED_SELECTOR = YES;
				GCC_WARN_UNINITIALIZED_AUTOS = YES_AGGRESSIVE;
				GCC_WARN_UNUSED_FUNCTION = YES;
				GCC_WARN_UNUSED_VARIABLE = YES;
				IPHONEOS_DEPLOYMENT_TARGET = 16.4;
				MTL_ENABLE_DEBUG_INFO = INCLUDE_SOURCE;
				MTL_FAST_MATH = YES;
				ONLY_ACTIVE_ARCH = YES;
				SDKROOT = iphoneos;
				SWIFT_ACTIVE_COMPILATION_CONDITIONS = DEBUG;
				SWIFT_OPTIMIZATION_LEVEL = "-Onone";
			};
			name = Debug;
		};
		22BFB65A2B0192C5009FF65B /* Release */ = {
			isa = XCBuildConfiguration;
			buildSettings = {
				ALWAYS_SEARCH_USER_PATHS = NO;
				CLANG_ANALYZER_NONNULL = YES;
				CLANG_ANALYZER_NUMBER_OBJECT_CONVERSION = YES_AGGRESSIVE;
				CLANG_CXX_LANGUAGE_STANDARD = "gnu++20";
				CLANG_ENABLE_MODULES = YES;
				CLANG_ENABLE_OBJC_ARC = YES;
				CLANG_ENABLE_OBJC_WEAK = YES;
				CLANG_WARN_BLOCK_CAPTURE_AUTORELEASING = YES;
				CLANG_WARN_BOOL_CONVERSION = YES;
				CLANG_WARN_COMMA = YES;
				CLANG_WARN_CONSTANT_CONVERSION = YES;
				CLANG_WARN_DEPRECATED_OBJC_IMPLEMENTATIONS = YES;
				CLANG_WARN_DIRECT_OBJC_ISA_USAGE = YES_ERROR;
				CLANG_WARN_DOCUMENTATION_COMMENTS = YES;
				CLANG_WARN_EMPTY_BODY = YES;
				CLANG_WARN_ENUM_CONVERSION = YES;
				CLANG_WARN_INFINITE_RECURSION = YES;
				CLANG_WARN_INT_CONVERSION = YES;
				CLANG_WARN_NON_LITERAL_NULL_CONVERSION = YES;
				CLANG_WARN_OBJC_IMPLICIT_RETAIN_SELF = YES;
				CLANG_WARN_OBJC_LITERAL_CONVERSION = YES;
				CLANG_WARN_OBJC_ROOT_CLASS = YES_ERROR;
				CLANG_WARN_QUOTED_INCLUDE_IN_FRAMEWORK_HEADER = YES;
				CLANG_WARN_RANGE_LOOP_ANALYSIS = YES;
				CLANG_WARN_STRICT_PROTOTYPES = YES;
				CLANG_WARN_SUSPICIOUS_MOVE = YES;
				CLANG_WARN_UNGUARDED_AVAILABILITY = YES_AGGRESSIVE;
				CLANG_WARN_UNREACHABLE_CODE = YES;
				CLANG_WARN__DUPLICATE_METHOD_MATCH = YES;
				COPY_PHASE_STRIP = NO;
				DEBUG_INFORMATION_FORMAT = "dwarf-with-dsym";
				ENABLE_NS_ASSERTIONS = NO;
				ENABLE_STRICT_OBJC_MSGSEND = YES;
				GCC_C_LANGUAGE_STANDARD = gnu11;
				GCC_NO_COMMON_BLOCKS = YES;
				GCC_WARN_64_TO_32_BIT_CONVERSION = YES;
				GCC_WARN_ABOUT_RETURN_TYPE = YES_ERROR;
				GCC_WARN_UNDECLARED_SELECTOR = YES;
				GCC_WARN_UNINITIALIZED_AUTOS = YES_AGGRESSIVE;
				GCC_WARN_UNUSED_FUNCTION = YES;
				GCC_WARN_UNUSED_VARIABLE = YES;
				IPHONEOS_DEPLOYMENT_TARGET = 16.4;
				MTL_ENABLE_DEBUG_INFO = NO;
				MTL_FAST_MATH = YES;
				SDKROOT = iphoneos;
				SWIFT_COMPILATION_MODE = wholemodule;
				SWIFT_OPTIMIZATION_LEVEL = "-O";
				VALIDATE_PRODUCT = YES;
			};
			name = Release;
		};
		22BFB65C2B0192C5009FF65B /* Debug */ = {
			isa = XCBuildConfiguration;
			buildSettings = {
				ASSETCATALOG_COMPILER_APPICON_NAME = AppIcon;
				ASSETCATALOG_COMPILER_GLOBAL_ACCENT_COLOR_NAME = AccentColor;
				CODE_SIGN_STYLE = Automatic;
				CURRENT_PROJECT_VERSION = 1;
				DEVELOPMENT_ASSET_PATHS = "WhatsForDinner/Preview\\ Content";
				DEVELOPMENT_TEAM = 4CYP4J2D8T;
				ENABLE_PREVIEWS = YES;
				GENERATE_INFOPLIST_FILE = YES;
				INFOPLIST_FILE = WhatsForDinner/Info.plist;
				INFOPLIST_KEY_UIApplicationSceneManifest_Generation = YES;
				INFOPLIST_KEY_UIApplicationSupportsIndirectInputEvents = YES;
				INFOPLIST_KEY_UILaunchScreen_Generation = YES;
				INFOPLIST_KEY_UISupportedInterfaceOrientations_iPad = "UIInterfaceOrientationPortrait UIInterfaceOrientationPortraitUpsideDown UIInterfaceOrientationLandscapeLeft UIInterfaceOrientationLandscapeRight";
				INFOPLIST_KEY_UISupportedInterfaceOrientations_iPhone = "UIInterfaceOrientationPortrait UIInterfaceOrientationLandscapeLeft UIInterfaceOrientationLandscapeRight";
				IPHONEOS_DEPLOYMENT_TARGET = 16.4;
				LD_RUNPATH_SEARCH_PATHS = (
					"$(inherited)",
					"@executable_path/Frameworks",
				);
				MARKETING_VERSION = 1.0;
				PRODUCT_BUNDLE_IDENTIFIER = com.john.WhatsForDinner;
				PRODUCT_NAME = "$(TARGET_NAME)";
				SWIFT_EMIT_LOC_STRINGS = YES;
				SWIFT_VERSION = 5.0;
				TARGETED_DEVICE_FAMILY = "1,2";
			};
			name = Debug;
		};
		22BFB65D2B0192C5009FF65B /* Release */ = {
			isa = XCBuildConfiguration;
			buildSettings = {
				ASSETCATALOG_COMPILER_APPICON_NAME = AppIcon;
				ASSETCATALOG_COMPILER_GLOBAL_ACCENT_COLOR_NAME = AccentColor;
				CODE_SIGN_STYLE = Automatic;
				CURRENT_PROJECT_VERSION = 1;
				DEVELOPMENT_ASSET_PATHS = "WhatsForDinner/Preview\\ Content";
				DEVELOPMENT_TEAM = 4CYP4J2D8T;
				ENABLE_PREVIEWS = YES;
				GENERATE_INFOPLIST_FILE = YES;
				INFOPLIST_FILE = WhatsForDinner/Info.plist;
				INFOPLIST_KEY_UIApplicationSceneManifest_Generation = YES;
				INFOPLIST_KEY_UIApplicationSupportsIndirectInputEvents = YES;
				INFOPLIST_KEY_UILaunchScreen_Generation = YES;
				INFOPLIST_KEY_UISupportedInterfaceOrientations_iPad = "UIInterfaceOrientationPortrait UIInterfaceOrientationPortraitUpsideDown UIInterfaceOrientationLandscapeLeft UIInterfaceOrientationLandscapeRight";
				INFOPLIST_KEY_UISupportedInterfaceOrientations_iPhone = "UIInterfaceOrientationPortrait UIInterfaceOrientationLandscapeLeft UIInterfaceOrientationLandscapeRight";
				IPHONEOS_DEPLOYMENT_TARGET = 16.4;
				LD_RUNPATH_SEARCH_PATHS = (
					"$(inherited)",
					"@executable_path/Frameworks",
				);
				MARKETING_VERSION = 1.0;
				PRODUCT_BUNDLE_IDENTIFIER = com.john.WhatsForDinner;
				PRODUCT_NAME = "$(TARGET_NAME)";
				SWIFT_EMIT_LOC_STRINGS = YES;
				SWIFT_VERSION = 5.0;
				TARGETED_DEVICE_FAMILY = "1,2";
			};
			name = Release;
		};
		22BFB65F2B0192C5009FF65B /* Debug */ = {
			isa = XCBuildConfiguration;
			buildSettings = {
				ALWAYS_EMBED_SWIFT_STANDARD_LIBRARIES = YES;
				BUNDLE_LOADER = "$(TEST_HOST)";
				CODE_SIGN_STYLE = Automatic;
				CURRENT_PROJECT_VERSION = 1;
				DEVELOPMENT_TEAM = 4CYP4J2D8T;
				GENERATE_INFOPLIST_FILE = YES;
				IPHONEOS_DEPLOYMENT_TARGET = 16.4;
				MARKETING_VERSION = 1.0;
				PRODUCT_BUNDLE_IDENTIFIER = com.john.WhatsForDinnerTests;
				PRODUCT_NAME = "$(TARGET_NAME)";
				SWIFT_EMIT_LOC_STRINGS = NO;
				SWIFT_VERSION = 5.0;
				TARGETED_DEVICE_FAMILY = "1,2";
				TEST_HOST = "$(BUILT_PRODUCTS_DIR)/WhatsForDinner.app/$(BUNDLE_EXECUTABLE_FOLDER_PATH)/WhatsForDinner";
			};
			name = Debug;
		};
		22BFB6602B0192C5009FF65B /* Release */ = {
			isa = XCBuildConfiguration;
			buildSettings = {
				ALWAYS_EMBED_SWIFT_STANDARD_LIBRARIES = YES;
				BUNDLE_LOADER = "$(TEST_HOST)";
				CODE_SIGN_STYLE = Automatic;
				CURRENT_PROJECT_VERSION = 1;
				DEVELOPMENT_TEAM = 4CYP4J2D8T;
				GENERATE_INFOPLIST_FILE = YES;
				IPHONEOS_DEPLOYMENT_TARGET = 16.4;
				MARKETING_VERSION = 1.0;
				PRODUCT_BUNDLE_IDENTIFIER = com.john.WhatsForDinnerTests;
				PRODUCT_NAME = "$(TARGET_NAME)";
				SWIFT_EMIT_LOC_STRINGS = NO;
				SWIFT_VERSION = 5.0;
				TARGETED_DEVICE_FAMILY = "1,2";
				TEST_HOST = "$(BUILT_PRODUCTS_DIR)/WhatsForDinner.app/$(BUNDLE_EXECUTABLE_FOLDER_PATH)/WhatsForDinner";
			};
			name = Release;
		};
		22BFB6622B0192C5009FF65B /* Debug */ = {
			isa = XCBuildConfiguration;
			buildSettings = {
				ALWAYS_EMBED_SWIFT_STANDARD_LIBRARIES = YES;
				CODE_SIGN_STYLE = Automatic;
				CURRENT_PROJECT_VERSION = 1;
				DEVELOPMENT_TEAM = 4CYP4J2D8T;
				GENERATE_INFOPLIST_FILE = YES;
				MARKETING_VERSION = 1.0;
				PRODUCT_BUNDLE_IDENTIFIER = com.john.WhatsForDinnerUITests;
				PRODUCT_NAME = "$(TARGET_NAME)";
				SWIFT_EMIT_LOC_STRINGS = NO;
				SWIFT_VERSION = 5.0;
				TARGETED_DEVICE_FAMILY = "1,2";
				TEST_TARGET_NAME = WhatsForDinner;
			};
			name = Debug;
		};
		22BFB6632B0192C5009FF65B /* Release */ = {
			isa = XCBuildConfiguration;
			buildSettings = {
				ALWAYS_EMBED_SWIFT_STANDARD_LIBRARIES = YES;
				CODE_SIGN_STYLE = Automatic;
				CURRENT_PROJECT_VERSION = 1;
				DEVELOPMENT_TEAM = 4CYP4J2D8T;
				GENERATE_INFOPLIST_FILE = YES;
				MARKETING_VERSION = 1.0;
				PRODUCT_BUNDLE_IDENTIFIER = com.john.WhatsForDinnerUITests;
				PRODUCT_NAME = "$(TARGET_NAME)";
				SWIFT_EMIT_LOC_STRINGS = NO;
				SWIFT_VERSION = 5.0;
				TARGETED_DEVICE_FAMILY = "1,2";
				TEST_TARGET_NAME = WhatsForDinner;
			};
			name = Release;
		};
/* End XCBuildConfiguration section */

/* Begin XCConfigurationList section */
		22BFB6322B0192C4009FF65B /* Build configuration list for PBXProject "WhatsForDinner" */ = {
			isa = XCConfigurationList;
			buildConfigurations = (
				22BFB6592B0192C5009FF65B /* Debug */,
				22BFB65A2B0192C5009FF65B /* Release */,
			);
			defaultConfigurationIsVisible = 0;
			defaultConfigurationName = Release;
		};
		22BFB65B2B0192C5009FF65B /* Build configuration list for PBXNativeTarget "WhatsForDinner" */ = {
			isa = XCConfigurationList;
			buildConfigurations = (
				22BFB65C2B0192C5009FF65B /* Debug */,
				22BFB65D2B0192C5009FF65B /* Release */,
			);
			defaultConfigurationIsVisible = 0;
			defaultConfigurationName = Release;
		};
		22BFB65E2B0192C5009FF65B /* Build configuration list for PBXNativeTarget "WhatsForDinnerTests" */ = {
			isa = XCConfigurationList;
			buildConfigurations = (
				22BFB65F2B0192C5009FF65B /* Debug */,
				22BFB6602B0192C5009FF65B /* Release */,
			);
			defaultConfigurationIsVisible = 0;
			defaultConfigurationName = Release;
		};
		22BFB6612B0192C5009FF65B /* Build configuration list for PBXNativeTarget "WhatsForDinnerUITests" */ = {
			isa = XCConfigurationList;
			buildConfigurations = (
				22BFB6622B0192C5009FF65B /* Debug */,
				22BFB6632B0192C5009FF65B /* Release */,
			);
			defaultConfigurationIsVisible = 0;
			defaultConfigurationName = Release;
		};
/* End XCConfigurationList section */
	};
	rootObject = 22BFB62F2B0192C4009FF65B /* Project object */;
}
